{
  "name": "@gsv/ascii-starfield",
  "version": "0.1.4",
  "lockfileVersion": 3,
  "requires": true,
  "packages": {
    "": {
      "name": "@gsv/ascii-starfield",
      "version": "0.1.4",
      "dependencies": {
        "@chenglou/pretext": "0.0.4",
        "@humansandmachines/gsv": "^0.0.5"
      }
    },
    "node_modules/@chenglou/pretext": {
      "version": "0.0.4",
      "resolved": "https://registry.npmjs.org/@chenglou/pretext/-/pretext-0.0.4.tgz",
      "integrity": "sha512-FnPAFMid1/p1j2V2gRPUVBarGUIb2PhkkC9YNnTOfPtTDgHKh8siO8PP9pCxpFfYlcodWPJpE1UbSHGQqt8pQQ==",
      "license": "MIT"
    },
    "node_modules/@humansandmachines/gsv": {
      "version": "0.0.5",
      "resolved": "https://registry.npmjs.org/@humansandmachines/gsv/-/gsv-0.0.5.tgz",
      "integrity": "sha512-VnR11OkDlaLIZ9+HzwihmniBtzEk75fBLiBHTuTCwFCzkNKhNuwHi3i1wP6FwyvaWcYfvW3BgyyRU4L/yfOoWw==",
      "dependencies": {
        "marked": "^16.4.2"
      }
    },
    "node_modules/marked": {
      "version": "16.4.2",
      "resolved": "https://registry.npmjs.org/marked/-/marked-16.4.2.tgz",
      "integrity": "sha512-TI3V8YYWvkVf3KJe1dRkpnjs68JUPyEa5vjKrp1XEEJUAOaQc+Qj+L1qWbPd0SJuAdQkFU0h73sXXqwDYxsiDA==",
      "license": "MIT",
      "bin": {
        "marked": "bin/marked.js"
      },
      "engines": {
        "node": ">= 20"
      }
    }
  }
}
